
Microsoft Visual Studio Solution File, Format Version 12.00
# Visual Studio Version 16
VisualStudioVersion = 16.0.29911.84
MinimumVisualStudioVersion = 10.0.40219.1
Project("{FAE04EC0-301F-11D3-BF4B-00C04F79EFBC}") = "LearnHindi1", "LearnHindi1\LearnHindi1.csproj", "{FDCC8821-ACAB-4663-9DE1-14A907130FBA}"
EndProject
Global
	GlobalSection(SolutionConfigurationPlatforms) = preSolution
		Debug|Any CPU = Debug|Any CPU
		Release|Any CPU = Release|Any CPU
	EndGlobalSection
	GlobalSection(ProjectConfigurationPlatforms) = postSolution
		{FDCC8821-ACAB-4663-9DE1-14A907130FBA}.Debug|Any CPU.ActiveCfg = Debug|Any CPU
		{FDCC8821-ACAB-4663-9DE1-14A907130FBA}.Debug|Any CPU.Build.0 = Debug|Any CPU
		{FDCC8821-ACAB-4663-9DE1-14A907130FBA}.Release|Any CPU.ActiveCfg = Release|Any CPU
		{FDCC8821-ACAB-4663-9DE1-14A907130FBA}.Release|Any CPU.Build.0 = Release|Any CPU
	EndGlobalSection
	GlobalSection(SolutionProperties) = preSolution
		HideSolutionNode = FALSE
	EndGlobalSection
	GlobalSection(ExtensibilityGlobals) = postSolution
		SolutionGuid = {2D5D1EE7-2EBD-4BF9-9262-FEDCDB6E6B7D}
	EndGlobalSection
EndGlobal
